
Microsoft Visual Studio Solution File, Format Version 12.00
# Visual Studio Version 16
VisualStudioVersion = 16.0.29318.209
MinimumVisualStudioVersion = 10.0.40219.1
Project("{FAE04EC0-301F-11D3-BF4B-00C04F79EFBC}") = "Lesson_WPF_20200211", "Lesson_WPF_20200211\Lesson_WPF_20200211.csproj", "{FC9E1E36-9527-4D73-925C-BABDB0024C3D}"
EndProject
Global
	GlobalSection(SolutionConfigurationPlatforms) = preSolution
		Debug|Any CPU = Debug|Any CPU
		Release|Any CPU = Release|Any CPU
	EndGlobalSection
	GlobalSection(ProjectConfigurationPlatforms) = postSolution
		{FC9E1E36-9527-4D73-925C-BABDB0024C3D}.Debug|Any CPU.ActiveCfg = Debug|Any CPU
		{FC9E1E36-9527-4D73-925C-BABDB0024C3D}.Debug|Any CPU.Build.0 = Debug|Any CPU
		{FC9E1E36-9527-4D73-925C-BABDB0024C3D}.Release|Any CPU.ActiveCfg = Release|Any CPU
		{FC9E1E36-9527-4D73-925C-BABDB0024C3D}.Release|Any CPU.Build.0 = Release|Any CPU
	EndGlobalSection
	GlobalSection(SolutionProperties) = preSolution
		HideSolutionNode = FALSE
	EndGlobalSection
	GlobalSection(ExtensibilityGlobals) = postSolution
		SolutionGuid = {6DEC7015-2CB2-40DC-8083-670B55B17CF4}
	EndGlobalSection
EndGlobal
